
Microsoft Visual Studio Solution File, Format Version 12.00
# Visual Studio Version 17
VisualStudioVersion = 17.4.33110.190
MinimumVisualStudioVersion = 10.0.40219.1
Project("{FAE04EC0-301F-11D3-BF4B-00C04F79EFBC}") = "WebApplication1", "WebApplication1\WebApplication1.csproj", "{5E1433F1-A73D-494E-A72F-6C192B328FBB}"
EndProject
Global
	GlobalSection(SolutionConfigurationPlatforms) = preSolution
		Debug|Any CPU = Debug|Any CPU
		Release|Any CPU = Release|Any CPU
	EndGlobalSection
	GlobalSection(ProjectConfigurationPlatforms) = postSolution
		{5E1433F1-A73D-494E-A72F-6C192B328FBB}.Debug|Any CPU.ActiveCfg = Debug|Any CPU
		{5E1433F1-A73D-494E-A72F-6C192B328FBB}.Debug|Any CPU.Build.0 = Debug|Any CPU
		{5E1433F1-A73D-494E-A72F-6C192B328FBB}.Release|Any CPU.ActiveCfg = Release|Any CPU
		{5E1433F1-A73D-494E-A72F-6C192B328FBB}.Release|Any CPU.Build.0 = Release|Any CPU
	EndGlobalSection
	GlobalSection(SolutionProperties) = preSolution
		HideSolutionNode = FALSE
	EndGlobalSection
	GlobalSection(ExtensibilityGlobals) = postSolution
		SolutionGuid = {D1FC8453-FBB5-42BA-B225-3646DE256D51}
	EndGlobalSection
EndGlobal
